// !$*UTF8*$!
{
	archiveVersion = 1;
	classes = {
	};
	objectVersion = 77;
	objects = {

/* Begin PBXBuildFile section */
		4D4D41000000000000000014 /* MindMapDomain in Frameworks */ = {isa = PBXBuildFile; productRef = 4D4D41000000000000000011 /* MindMapDomain */; };
		4D4D41000000000000000015 /* MindMapGraph in Frameworks */ = {isa = PBXBuildFile; productRef = 4D4D41000000000000000012 /* MindMapGraph */; };
		4D4D41000000000000000016 /* MindMapPersistence in Frameworks */ = {isa = PBXBuildFile; productRef = 4D4D41000000000000000013 /* MindMapPersistence */; };
		4D4D410000000000000C3001 /* MindMapLayout in Frameworks */ = {isa = PBXBuildFile; productRef = 4D4D410000000000000C3002 /* MindMapLayout */; };
		4D4D410000000000000C8001 /* MindMapAICore in Frameworks */ = {isa = PBXBuildFile; productRef = 4D4D410000000000000C8002 /* MindMapAICore */; };
		4D4D410000000000000C8003 /* MindMapAIApple in Frameworks */ = {isa = PBXBuildFile; productRef = 4D4D410000000000000C8004 /* MindMapAIApple */; };
		4D4D410000000000000C5001 /* MindMapInterchange in Frameworks */ = {isa = PBXBuildFile; productRef = 4D4D410000000000000C5002 /* MindMapInterchange */; };
		4D4D410000000000000C8005 /* MindMapTestSupport in Frameworks */ = {isa = PBXBuildFile; productRef = 4D4D410000000000000C8006 /* MindMapTestSupport */; };
		4D4D41150000000000000002 /* MindMapSearch in Frameworks */ = {isa = PBXBuildFile; productRef = 4D4D41150000000000000001 /* MindMapSearch */; };
		4D4D410000000000000B1101 /* MindMapIntents in Frameworks */ = {isa = PBXBuildFile; productRef = 4D4D410000000000000B1102 /* MindMapIntents */; };
		4D4D410000000000000B1110 /* MindMapShareExtension.appex in Embed Foundation Extensions */ = {isa = PBXBuildFile; fileRef = 4D4D410000000000000B1111 /* MindMapShareExtension.appex */; settings = {ATTRIBUTES = (RemoveHeadersOnCopy, ); }; };
		4D4D410000000000000B1120 /* MindMapDomain in Frameworks */ = {isa = PBXBuildFile; productRef = 4D4D410000000000000B1121 /* MindMapDomain */; };
		4D4D410000000000000B1122 /* MindMapGraph in Frameworks */ = {isa = PBXBuildFile; productRef = 4D4D410000000000000B1123 /* MindMapGraph */; };
		4D4D410000000000000B1124 /* MindMapPersistence in Frameworks */ = {isa = PBXBuildFile; productRef = 4D4D410000000000000B1125 /* MindMapPersistence */; };
		4D4D410000000000000B1126 /* MindMapInterchange in Frameworks */ = {isa = PBXBuildFile; productRef = 4D4D410000000000000B1127 /* MindMapInterchange */; };
		4D4D410000000000000B1128 /* MindMapSharing in Frameworks */ = {isa = PBXBuildFile; productRef = 4D4D410000000000000B1129 /* MindMapSharing */; };
		4D4D410000000000000C2001 /* MindMapCapture in Frameworks */ = {isa = PBXBuildFile; productRef = 4D4D410000000000000C2002 /* MindMapCapture */; };
/* End PBXBuildFile section */

/* Begin PBXContainerItemProxy section */
		4D4D41000000000000000017 /* PBXContainerItemProxy */ = {
			isa = PBXContainerItemProxy;
			containerPortal = 4D4D41000000000000000001 /* Project object */;
			proxyType = 1;
			remoteGlobalIDString = 4D4D41000000000000000006;
			remoteInfo = MindMapAI;
		};
		4D4D41000000000000220001 /* PBXContainerItemProxy */ = {
			isa = PBXContainerItemProxy;
			containerPortal = 4D4D41000000000000000001 /* Project object */;
			proxyType = 1;
			remoteGlobalIDString = 4D4D41000000000000000006;
			remoteInfo = MindMapAI;
		};
		4D4D410000000000000B1130 /* PBXContainerItemProxy */ = {
			isa = PBXContainerItemProxy;
			containerPortal = 4D4D41000000000000000001 /* Project object */;
			proxyType = 1;
			remoteGlobalIDString = 4D4D410000000000000B1140;
			remoteInfo = MindMapShareExtension;
		};
/* End PBXContainerItemProxy section */

/* Begin PBXCopyFilesBuildPhase section */
		4D4D410000000000000B1131 /* Embed Foundation Extensions */ = {
			isa = PBXCopyFilesBuildPhase;
			buildActionMask = 2147483647;
			dstPath = "";
			dstSubfolderSpec = 13;
			files = (
				4D4D410000000000000B1110 /* MindMapShareExtension.appex in Embed Foundation Extensions */,
			);
			name = "Embed Foundation Extensions";
			runOnlyForDeploymentPostprocessing = 0;
		};
/* End PBXCopyFilesBuildPhase section */

/* Begin PBXFileReference section */
		4D4D41000000000000000004 /* MindMap AI.app */ = {isa = PBXFileReference; explicitFileType = wrapper.application; includeInIndex = 0; path = "MindMap AI.app"; sourceTree = BUILT_PRODUCTS_DIR; };
		4D4D41000000000000000018 /* MindMapAITests.xctest */ = {isa = PBXFileReference; explicitFileType = wrapper.cfbundle; includeInIndex = 0; path = MindMapAITests.xctest; sourceTree = BUILT_PRODUCTS_DIR; };
		4D4D41000000000000220002 /* MindMapAIUITests.xctest */ = {isa = PBXFileReference; explicitFileType = wrapper.cfbundle; includeInIndex = 0; path = MindMapAIUITests.xctest; sourceTree = BUILT_PRODUCTS_DIR; };
		4D4D410000000000000B1111 /* MindMapShareExtension.appex */ = {isa = PBXFileReference; explicitFileType = "wrapper.app-extension"; includeInIndex = 0; path = MindMapShareExtension.appex; sourceTree = BUILT_PRODUCTS_DIR; };
/* End PBXFileReference section */

/* Begin PBXFileSystemSynchronizedBuildFileExceptionSet section */
		4D4D410000000000000B1133 /* Exceptions for "MindMapShareExtension" folder in "MindMapShareExtension" target */ = {
			isa = PBXFileSystemSynchronizedBuildFileExceptionSet;
			membershipExceptions = (
				Info.plist,
			);
			target = 4D4D410000000000000B1140 /* MindMapShareExtension */;
		};
/* End PBXFileSystemSynchronizedBuildFileExceptionSet section */

/* Begin PBXFileSystemSynchronizedRootGroup section */
		4D4D41000000000000000005 /* MindMapAI */ = {
			isa = PBXFileSystemSynchronizedRootGroup;
			path = MindMapAI;
			sourceTree = "<group>";
		};
		4D4D41000000000000000019 /* MindMapAITests */ = {
			isa = PBXFileSystemSynchronizedRootGroup;
			path = MindMapAITests;
			sourceTree = "<group>";
		};
		4D4D41000000000000220003 /* Shared */ = {
			isa = PBXFileSystemSynchronizedRootGroup;
			path = Shared;
			sourceTree = "<group>";
		};
		4D4D41000000000000220004 /* MindMapAIUITests */ = {
			isa = PBXFileSystemSynchronizedRootGroup;
			path = MindMapAIUITests;
			sourceTree = "<group>";
		};
		4D4D410000000000000B1132 /* MindMapShareExtension */ = {
			isa = PBXFileSystemSynchronizedRootGroup;
			exceptions = (
				4D4D410000000000000B1133 /* Exceptions for "MindMapShareExtension" folder in "MindMapShareExtension" target */,
			);
			path = MindMapShareExtension;
			sourceTree = "<group>";
		};
/* End PBXFileSystemSynchronizedRootGroup section */

/* Begin PBXFrameworksBuildPhase section */
		4D4D41000000000000000008 /* Frameworks */ = {
			isa = PBXFrameworksBuildPhase;
			buildActionMask = 2147483647;
			files = (
				4D4D41000000000000000014 /* MindMapDomain in Frameworks */,
				4D4D41000000000000000015 /* MindMapGraph in Frameworks */,
				4D4D41000000000000000016 /* MindMapPersistence in Frameworks */,
				4D4D410000000000000C3001 /* MindMapLayout in Frameworks */,
				4D4D410000000000000C8001 /* MindMapAICore in Frameworks */,
				4D4D410000000000000C8003 /* MindMapAIApple in Frameworks */,
				4D4D410000000000000C5001 /* MindMapInterchange in Frameworks */,
				4D4D41150000000000000002 /* MindMapSearch in Frameworks */,
				4D4D410000000000000B1101 /* MindMapIntents in Frameworks */,
				4D4D410000000000000C2001 /* MindMapCapture in Frameworks */,
			);
			runOnlyForDeploymentPostprocessing = 0;
		};
		4D4D4100000000000000001A /* Frameworks */ = {
			isa = PBXFrameworksBuildPhase;
			buildActionMask = 2147483647;
			files = (
				4D4D410000000000000C8005 /* MindMapTestSupport in Frameworks */,
			);
			runOnlyForDeploymentPostprocessing = 0;
		};
		4D4D41000000000000220005 /* Frameworks */ = {
			isa = PBXFrameworksBuildPhase;
			buildActionMask = 2147483647;
			files = (
			);
			runOnlyForDeploymentPostprocessing = 0;
		};
		4D4D410000000000000B1134 /* Frameworks */ = {
			isa = PBXFrameworksBuildPhase;
			buildActionMask = 2147483647;
			files = (
				4D4D410000000000000B1120 /* MindMapDomain in Frameworks */,
				4D4D410000000000000B1122 /* MindMapGraph in Frameworks */,
				4D4D410000000000000B1124 /* MindMapPersistence in Frameworks */,
				4D4D410000000000000B1126 /* MindMapInterchange in Frameworks */,
				4D4D410000000000000B1128 /* MindMapSharing in Frameworks */,
			);
			runOnlyForDeploymentPostprocessing = 0;
		};
/* End PBXFrameworksBuildPhase section */

/* Begin PBXGroup section */
		4D4D41000000000000000002 = {
			isa = PBXGroup;
			children = (
				4D4D41000000000000000005 /* MindMapAI */,
				4D4D41000000000000000019 /* MindMapAITests */,
				4D4D41000000000000220003 /* Shared */,
				4D4D41000000000000220004 /* MindMapAIUITests */,
				4D4D410000000000000B1132 /* MindMapShareExtension */,
				4D4D41000000000000000003 /* Products */,
			);
			sourceTree = "<group>";
		};
		4D4D41000000000000000003 /* Products */ = {
			isa = PBXGroup;
			children = (
				4D4D41000000000000000004 /* MindMap AI.app */,
				4D4D41000000000000000018 /* MindMapAITests.xctest */,
				4D4D41000000000000220002 /* MindMapAIUITests.xctest */,
				4D4D410000000000000B1111 /* MindMapShareExtension.appex */,
			);
			name = Products;
			sourceTree = "<group>";
		};
/* End PBXGroup section */

/* Begin PBXNativeTarget section */
		4D4D41000000000000000006 /* MindMapAI */ = {
			isa = PBXNativeTarget;
			buildConfigurationList = 4D4D4100000000000000000B /* Build configuration list for PBXNativeTarget "MindMapAI" */;
			buildPhases = (
				4D4D41000000000000000007 /* Sources */,
				4D4D41000000000000000008 /* Frameworks */,
				4D4D41000000000000000009 /* Resources */,
				4D4D410000000000000B1131 /* Embed Foundation Extensions */,
			);
			buildRules = (
			);
			dependencies = (
				4D4D410000000000000B1137 /* PBXTargetDependency */,
			);
			fileSystemSynchronizedGroups = (
				4D4D41000000000000000005 /* MindMapAI */,
				4D4D41000000000000220003 /* Shared */,
			);
			name = MindMapAI;
			packageProductDependencies = (
				4D4D41000000000000000011 /* MindMapDomain */,
				4D4D41000000000000000012 /* MindMapGraph */,
				4D4D41000000000000000013 /* MindMapPersistence */,
				4D4D410000000000000C3002 /* MindMapLayout */,
				4D4D410000000000000C8002 /* MindMapAICore */,
				4D4D410000000000000C8004 /* MindMapAIApple */,
				4D4D410000000000000C5002 /* MindMapInterchange */,
				4D4D41150000000000000001 /* MindMapSearch */,
				4D4D410000000000000B1102 /* MindMapIntents */,
				4D4D410000000000000C2002 /* MindMapCapture */,
			);
			productName = MindMapAI;
			productReference = 4D4D41000000000000000004 /* MindMap AI.app */;
			productType = "com.apple.product-type.application";
		};
		4D4D4100000000000000001B /* MindMapAITests */ = {
			isa = PBXNativeTarget;
			buildConfigurationList = 4D4D4100000000000000001C /* Build configuration list for PBXNativeTarget "MindMapAITests" */;
			buildPhases = (
				4D4D4100000000000000001D /* Sources */,
				4D4D4100000000000000001A /* Frameworks */,
				4D4D4100000000000000001E /* Resources */,
			);
			buildRules = (
			);
			dependencies = (
				4D4D4100000000000000001F /* PBXTargetDependency */,
			);
			fileSystemSynchronizedGroups = (
				4D4D41000000000000000019 /* MindMapAITests */,
			);
			name = MindMapAITests;
			packageProductDependencies = (
				4D4D410000000000000C8006 /* MindMapTestSupport */,
			);
			productName = MindMapAITests;
			productReference = 4D4D41000000000000000018 /* MindMapAITests.xctest */;
			productType = "com.apple.product-type.bundle.unit-test";
		};
		4D4D41000000000000220008 /* MindMapAIUITests */ = {
			isa = PBXNativeTarget;
			buildConfigurationList = 4D4D41000000000000220012 /* Build configuration list for PBXNativeTarget "MindMapAIUITests" */;
			buildPhases = (
				4D4D41000000000000220006 /* Sources */,
				4D4D41000000000000220005 /* Frameworks */,
				4D4D41000000000000220007 /* Resources */,
			);
			buildRules = (
			);
			dependencies = (
				4D4D41000000000000220009 /* PBXTargetDependency */,
			);
			fileSystemSynchronizedGroups = (
				4D4D41000000000000220004 /* MindMapAIUITests */,
				4D4D41000000000000220003 /* Shared */,
			);
			name = MindMapAIUITests;
			productName = MindMapAIUITests;
			productReference = 4D4D41000000000000220002 /* MindMapAIUITests.xctest */;
			productType = "com.apple.product-type.bundle.ui-testing";
		};
		4D4D410000000000000B1140 /* MindMapShareExtension */ = {
			isa = PBXNativeTarget;
			buildConfigurationList = 4D4D410000000000000B1143 /* Build configuration list for PBXNativeTarget "MindMapShareExtension" */;
			buildPhases = (
				4D4D410000000000000B1135 /* Sources */,
				4D4D410000000000000B1134 /* Frameworks */,
				4D4D410000000000000B1136 /* Resources */,
			);
			buildRules = (
			);
			dependencies = (
			);
			fileSystemSynchronizedGroups = (
				4D4D410000000000000B1132 /* MindMapShareExtension */,
			);
			name = MindMapShareExtension;
			packageProductDependencies = (
				4D4D410000000000000B1121 /* MindMapDomain */,
				4D4D410000000000000B1123 /* MindMapGraph */,
				4D4D410000000000000B1125 /* MindMapPersistence */,
				4D4D410000000000000B1127 /* MindMapInterchange */,
				4D4D410000000000000B1129 /* MindMapSharing */,
			);
			productName = MindMapShareExtension;
			productReference = 4D4D410000000000000B1111 /* MindMapShareExtension.appex */;
			productType = "com.apple.product-type.app-extension";
		};
/* End PBXNativeTarget section */

/* Begin PBXProject section */
		4D4D41000000000000000001 /* Project object */ = {
			isa = PBXProject;
			attributes = {
				BuildIndependentTargetsInParallel = 1;
				LastSwiftUpdateCheck = 2700;
				LastUpgradeCheck = 2700;
				TargetAttributes = {
					4D4D41000000000000000006 = {
						CreatedOnToolsVersion = 27.0;
					};
					4D4D4100000000000000001B = {
						CreatedOnToolsVersion = 27.0;
						TestTargetID = 4D4D41000000000000000006;
					};
					4D4D41000000000000220008 = {
						CreatedOnToolsVersion = 27.0;
						TestTargetID = 4D4D41000000000000000006;
					};
					4D4D410000000000000B1140 = {
						CreatedOnToolsVersion = 27.0;
					};
				};
			};
			buildConfigurationList = 4D4D4100000000000000000A /* Build configuration list for PBXProject "MindMapAI" */;
			developmentRegion = en;
			hasScannedForEncodings = 0;
			knownRegions = (
				en,
				vi,
				Base,
			);
			mainGroup = 4D4D41000000000000000002;
			minimizedProjectReferenceProxies = 1;
			packageReferences = (
				4D4D41000000000000000010 /* XCLocalSwiftPackageReference "Packages/MindMapCore" */,
			);
			preferredProjectObjectVersion = 77;
			productRefGroup = 4D4D41000000000000000003 /* Products */;
			projectDirPath = "";
			projectRoot = "";
			targets = (
				4D4D41000000000000000006 /* MindMapAI */,
				4D4D4100000000000000001B /* MindMapAITests */,
				4D4D41000000000000220008 /* MindMapAIUITests */,
				4D4D410000000000000B1140 /* MindMapShareExtension */,
			);
		};
/* End PBXProject section */

/* Begin PBXResourcesBuildPhase section */
		4D4D41000000000000000009 /* Resources */ = {
			isa = PBXResourcesBuildPhase;
			buildActionMask = 2147483647;
			files = (
			);
			runOnlyForDeploymentPostprocessing = 0;
		};
		4D4D4100000000000000001E /* Resources */ = {
			isa = PBXResourcesBuildPhase;
			buildActionMask = 2147483647;
			files = (
			);
			runOnlyForDeploymentPostprocessing = 0;
		};
		4D4D41000000000000220007 /* Resources */ = {
			isa = PBXResourcesBuildPhase;
			buildActionMask = 2147483647;
			files = (
			);
			runOnlyForDeploymentPostprocessing = 0;
		};
		4D4D410000000000000B1136 /* Resources */ = {
			isa = PBXResourcesBuildPhase;
			buildActionMask = 2147483647;
			files = (
			);
			runOnlyForDeploymentPostprocessing = 0;
		};
/* End PBXResourcesBuildPhase section */

/* Begin PBXSourcesBuildPhase section */
		4D4D41000000000000000007 /* Sources */ = {
			isa = PBXSourcesBuildPhase;
			buildActionMask = 2147483647;
			files = (
			);
			runOnlyForDeploymentPostprocessing = 0;
		};
		4D4D4100000000000000001D /* Sources */ = {
			isa = PBXSourcesBuildPhase;
			buildActionMask = 2147483647;
			files = (
			);
			runOnlyForDeploymentPostprocessing = 0;
		};
		4D4D41000000000000220006 /* Sources */ = {
			isa = PBXSourcesBuildPhase;
			buildActionMask = 2147483647;
			files = (
			);
			runOnlyForDeploymentPostprocessing = 0;
		};
		4D4D410000000000000B1135 /* Sources */ = {
			isa = PBXSourcesBuildPhase;
			buildActionMask = 2147483647;
			files = (
			);
			runOnlyForDeploymentPostprocessing = 0;
		};
/* End PBXSourcesBuildPhase section */

/* Begin PBXTargetDependency section */
		4D4D4100000000000000001F /* PBXTargetDependency */ = {
			isa = PBXTargetDependency;
			target = 4D4D41000000000000000006 /* MindMapAI */;
			targetProxy = 4D4D41000000000000000017 /* PBXContainerItemProxy */;
		};
		4D4D41000000000000220009 /* PBXTargetDependency */ = {
			isa = PBXTargetDependency;
			target = 4D4D41000000000000000006 /* MindMapAI */;
			targetProxy = 4D4D41000000000000220001 /* PBXContainerItemProxy */;
		};
		4D4D410000000000000B1137 /* PBXTargetDependency */ = {
			isa = PBXTargetDependency;
			target = 4D4D410000000000000B1140 /* MindMapShareExtension */;
			targetProxy = 4D4D410000000000000B1130 /* PBXContainerItemProxy */;
		};
/* End PBXTargetDependency section */

/* Begin XCBuildConfiguration section */
		4D4D4100000000000000000C /* Debug */ = {
			isa = XCBuildConfiguration;
			buildSettings = {
				ALWAYS_SEARCH_USER_PATHS = NO;
				ASSETCATALOG_COMPILER_GENERATE_SWIFT_ASSET_SYMBOL_EXTENSIONS = YES;
				CLANG_ANALYZER_NONNULL = YES;
				CLANG_ANALYZER_NUMBER_OBJECT_CONVERSION = YES_AGGRESSIVE;
				CLANG_CXX_LANGUAGE_STANDARD = "gnu++20";
				CLANG_ENABLE_MODULES = YES;
				CLANG_ENABLE_OBJC_ARC = YES;
				CLANG_ENABLE_OBJC_WEAK = YES;
				CLANG_WARN_BLOCK_CAPTURE_AUTORELEASING = YES;
				CLANG_WARN_BOOL_CONVERSION = YES;
				CLANG_WARN_COMMA = YES;
				CLANG_WARN_CONSTANT_CONVERSION = YES;
				CLANG_WARN_DEPRECATED_OBJC_IMPLEMENTATIONS = YES;
				CLANG_WARN_DIRECT_OBJC_ISA_USAGE = YES_ERROR;
				CLANG_WARN_DOCUMENTATION_COMMENTS = YES;
				CLANG_WARN_EMPTY_BODY = YES;
				CLANG_WARN_ENUM_CONVERSION = YES;
				CLANG_WARN_INFINITE_RECURSION = YES;
				CLANG_WARN_INT_CONVERSION = YES;
				CLANG_WARN_NON_LITERAL_NULL_CONVERSION = YES;
				CLANG_WARN_OBJC_IMPLICIT_RETAIN_SELF = YES;
				CLANG_WARN_OBJC_LITERAL_CONVERSION = YES;
				CLANG_WARN_OBJC_ROOT_CLASS = YES_ERROR;
				CLANG_WARN_QUOTED_INCLUDE_IN_FRAMEWORK_HEADER = YES;
				CLANG_WARN_RANGE_LOOP_ANALYSIS = YES;
				CLANG_WARN_STRICT_PROTOTYPES = YES;
				CLANG_WARN_SUSPICIOUS_MOVE = YES;
				CLANG_WARN_UNGUARDED_AVAILABILITY = YES_AGGRESSIVE;
				CLANG_WARN_UNREACHABLE_CODE = YES;
				CLANG_WARN__DUPLICATE_METHOD_MATCH = YES;
				COPY_PHASE_STRIP = NO;
				DEBUG_INFORMATION_FORMAT = dwarf;
				DEVELOPMENT_TEAM = "";
				ENABLE_STRICT_OBJC_MSGSEND = YES;
				ENABLE_TESTABILITY = YES;
				ENABLE_USER_SCRIPT_SANDBOXING = YES;
				GCC_C_LANGUAGE_STANDARD = gnu17;
				GCC_DYNAMIC_NO_PIC = NO;
				GCC_NO_COMMON_BLOCKS = YES;
				GCC_OPTIMIZATION_LEVEL = 0;
				GCC_PREPROCESSOR_DEFINITIONS = (
					"DEBUG=1",
					"$(inherited)",
				);
				GCC_WARN_64_TO_32_BIT_CONVERSION = YES;
				GCC_WARN_ABOUT_RETURN_TYPE = YES_ERROR;
				GCC_WARN_UNDECLARED_SELECTOR = YES;
				GCC_WARN_UNINITIALIZED_AUTOS = YES_AGGRESSIVE;
				GCC_WARN_UNUSED_FUNCTION = YES;
				GCC_WARN_UNUSED_VARIABLE = YES;
				IPHONEOS_DEPLOYMENT_TARGET = 26.0;
				LOCALIZATION_PREFERS_STRING_CATALOGS = YES;
				MACOSX_DEPLOYMENT_TARGET = 26.0;
				MINDMAP_MAC_APP_GROUP = NO;
				MTL_ENABLE_DEBUG_INFO = INCLUDE_SOURCE;
				MTL_FAST_MATH = YES;
				ONLY_ACTIVE_ARCH = YES;
				STRING_CATALOG_GENERATE_SYMBOLS = YES;
				SWIFT_ACTIVE_COMPILATION_CONDITIONS = "DEBUG $(inherited)";
				SWIFT_OPTIMIZATION_LEVEL = "-Onone";
			};
			name = Debug;
		};
		4D4D4100000000000000000D /* Release */ = {
			isa = XCBuildConfiguration;
			buildSettings = {
				ALWAYS_SEARCH_USER_PATHS = NO;
				ASSETCATALOG_COMPILER_GENERATE_SWIFT_ASSET_SYMBOL_EXTENSIONS = YES;
				CLANG_ANALYZER_NONNULL = YES;
				CLANG_ANALYZER_NUMBER_OBJECT_CONVERSION = YES_AGGRESSIVE;
				CLANG_CXX_LANGUAGE_STANDARD = "gnu++20";
				CLANG_ENABLE_MODULES = YES;
				CLANG_ENABLE_OBJC_ARC = YES;
				CLANG_ENABLE_OBJC_WEAK = YES;
				CLANG_WARN_BLOCK_CAPTURE_AUTORELEASING = YES;
				CLANG_WARN_BOOL_CONVERSION = YES;
				CLANG_WARN_COMMA = YES;
				CLANG_WARN_CONSTANT_CONVERSION = YES;
				CLANG_WARN_DEPRECATED_OBJC_IMPLEMENTATIONS = YES;
				CLANG_WARN_DIRECT_OBJC_ISA_USAGE = YES_ERROR;
				CLANG_WARN_DOCUMENTATION_COMMENTS = YES;
				CLANG_WARN_EMPTY_BODY = YES;
				CLANG_WARN_ENUM_CONVERSION = YES;
				CLANG_WARN_INFINITE_RECURSION = YES;
				CLANG_WARN_INT_CONVERSION = YES;
				CLANG_WARN_NON_LITERAL_NULL_CONVERSION = YES;
				CLANG_WARN_OBJC_IMPLICIT_RETAIN_SELF = YES;
				CLANG_WARN_OBJC_LITERAL_CONVERSION = YES;
				CLANG_WARN_OBJC_ROOT_CLASS = YES_ERROR;
				CLANG_WARN_QUOTED_INCLUDE_IN_FRAMEWORK_HEADER = YES;
				CLANG_WARN_RANGE_LOOP_ANALYSIS = YES;
				CLANG_WARN_STRICT_PROTOTYPES = YES;
				CLANG_WARN_SUSPICIOUS_MOVE = YES;
				CLANG_WARN_UNGUARDED_AVAILABILITY = YES_AGGRESSIVE;
				CLANG_WARN_UNREACHABLE_CODE = YES;
				CLANG_WARN__DUPLICATE_METHOD_MATCH = YES;
				COPY_PHASE_STRIP = NO;
				DEBUG_INFORMATION_FORMAT = "dwarf-with-dsym";
				DEVELOPMENT_TEAM = "";
				ENABLE_NS_ASSERTIONS = NO;
				ENABLE_STRICT_OBJC_MSGSEND = YES;
				ENABLE_USER_SCRIPT_SANDBOXING = YES;
				GCC_C_LANGUAGE_STANDARD = gnu17;
				GCC_NO_COMMON_BLOCKS = YES;
				GCC_WARN_64_TO_32_BIT_CONVERSION = YES;
				GCC_WARN_ABOUT_RETURN_TYPE = YES_ERROR;
				GCC_WARN_UNDECLARED_SELECTOR = YES;
				GCC_WARN_UNINITIALIZED_AUTOS = YES_AGGRESSIVE;
				GCC_WARN_UNUSED_FUNCTION = YES;
				GCC_WARN_UNUSED_VARIABLE = YES;
				IPHONEOS_DEPLOYMENT_TARGET = 26.0;
				LOCALIZATION_PREFERS_STRING_CATALOGS = YES;
				MACOSX_DEPLOYMENT_TARGET = 26.0;
				MINDMAP_MAC_APP_GROUP = NO;
				MTL_ENABLE_DEBUG_INFO = NO;
				MTL_FAST_MATH = YES;
				STRING_CATALOG_GENERATE_SYMBOLS = YES;
				SWIFT_COMPILATION_MODE = wholemodule;
			};
			name = Release;
		};
		4D4D4100000000000000000E /* Debug */ = {
			isa = XCBuildConfiguration;
			buildSettings = {
				ASSETCATALOG_COMPILER_APPICON_NAME = AppIcon;
				ASSETCATALOG_COMPILER_GLOBAL_ACCENT_COLOR_NAME = AccentColor;
				CODE_SIGN_ENTITLEMENTS = Entitlements/MindMapAI.entitlements;
				"CODE_SIGN_ENTITLEMENTS[sdk=macosx*]" = "$(MINDMAP_MAC_ENTITLEMENTS_$(MINDMAP_MAC_APP_GROUP))";
				MINDMAP_MAC_ENTITLEMENTS_YES = Entitlements/MindMapAI.entitlements;
				"CODE_SIGN_IDENTITY[sdk=macosx*]" = "-";
				CODE_SIGN_STYLE = Automatic;
				CURRENT_PROJECT_VERSION = 1;
				ENABLE_APP_SANDBOX = YES;
				ENABLE_HARDENED_RUNTIME = YES;
				ENABLE_PREVIEWS = YES;
				ENABLE_RESOURCE_ACCESS_AUDIO_INPUT = YES;
				ENABLE_USER_SELECTED_FILES = readwrite;
				GENERATE_INFOPLIST_FILE = YES;
				INFOPLIST_KEY_CFBundleDisplayName = "MindMap AI";
				INFOPLIST_KEY_ITSAppUsesNonExemptEncryption = NO;
				INFOPLIST_KEY_LSApplicationCategoryType = "public.app-category.productivity";
				INFOPLIST_KEY_NSHumanReadableCopyright = "© 2026 xDev";
				INFOPLIST_KEY_NSMicrophoneUsageDescription = "MindMap AI listens while you add topics by voice. Speech is turned into text on this device.";
				INFOPLIST_KEY_NSSpeechRecognitionUsageDescription = "MindMap AI turns what you say into topics. Speech recognition runs on this device and nothing is sent to xDev.";
				"INFOPLIST_KEY_UIApplicationSceneManifest_Generation[sdk=iphoneos*]" = YES;
				"INFOPLIST_KEY_UIApplicationSceneManifest_Generation[sdk=iphonesimulator*]" = YES;
				"INFOPLIST_KEY_UIApplicationSupportsMultipleScenes[sdk=iphoneos*]" = YES;
				"INFOPLIST_KEY_UIApplicationSupportsMultipleScenes[sdk=iphonesimulator*]" = YES;
				"INFOPLIST_KEY_UIApplicationSupportsIndirectInputEvents[sdk=iphoneos*]" = YES;
				"INFOPLIST_KEY_UIApplicationSupportsIndirectInputEvents[sdk=iphonesimulator*]" = YES;
				"INFOPLIST_KEY_UILaunchScreen_Generation[sdk=iphoneos*]" = YES;
				"INFOPLIST_KEY_UILaunchScreen_Generation[sdk=iphonesimulator*]" = YES;
				INFOPLIST_KEY_UISupportedInterfaceOrientations_iPad = "UIInterfaceOrientationPortrait UIInterfaceOrientationPortraitUpsideDown UIInterfaceOrientationLandscapeLeft UIInterfaceOrientationLandscapeRight";
				INFOPLIST_KEY_UISupportedInterfaceOrientations_iPhone = "UIInterfaceOrientationPortrait UIInterfaceOrientationLandscapeLeft UIInterfaceOrientationLandscapeRight";
				LD_RUNPATH_SEARCH_PATHS = "@executable_path/Frameworks";
				"LD_RUNPATH_SEARCH_PATHS[sdk=macosx*]" = "@executable_path/../Frameworks";
				MARKETING_VERSION = 0.1.0;
				PRODUCT_BUNDLE_IDENTIFIER = asia.xdev.mindmapai;
				PRODUCT_MODULE_NAME = MindMapAI;
				PRODUCT_NAME = "MindMap AI";
				REGISTER_APP_GROUPS = NO;
				SDKROOT = auto;
				SUPPORTED_PLATFORMS = "iphoneos iphonesimulator macosx";
				SUPPORTS_MACCATALYST = NO;
				SUPPORTS_MAC_DESIGNED_FOR_IPHONE_IPAD = NO;
				SUPPORTS_XR_DESIGNED_FOR_IPHONE_IPAD = NO;
				SWIFT_APPROACHABLE_CONCURRENCY = YES;
				SWIFT_DEFAULT_ACTOR_ISOLATION = MainActor;
				SWIFT_EMIT_LOC_STRINGS = YES;
				SWIFT_UPCOMING_FEATURE_MEMBER_IMPORT_VISIBILITY = YES;
				SWIFT_VERSION = 6.0;
				TARGETED_DEVICE_FAMILY = "1,2";
			};
			name = Debug;
		};
		4D4D4100000000000000000F /* Release */ = {
			isa = XCBuildConfiguration;
			buildSettings = {
				ASSETCATALOG_COMPILER_APPICON_NAME = AppIcon;
				ASSETCATALOG_COMPILER_GLOBAL_ACCENT_COLOR_NAME = AccentColor;
				CODE_SIGN_ENTITLEMENTS = Entitlements/MindMapAI.entitlements;
				"CODE_SIGN_ENTITLEMENTS[sdk=macosx*]" = "$(MINDMAP_MAC_ENTITLEMENTS_$(MINDMAP_MAC_APP_GROUP))";
				MINDMAP_MAC_ENTITLEMENTS_YES = Entitlements/MindMapAI.entitlements;
				"CODE_SIGN_IDENTITY[sdk=macosx*]" = "-";
				CODE_SIGN_STYLE = Automatic;
				CURRENT_PROJECT_VERSION = 1;
				ENABLE_APP_SANDBOX = YES;
				ENABLE_HARDENED_RUNTIME = YES;
				ENABLE_PREVIEWS = YES;
				ENABLE_RESOURCE_ACCESS_AUDIO_INPUT = YES;
				ENABLE_USER_SELECTED_FILES = readwrite;
				GENERATE_INFOPLIST_FILE = YES;
				INFOPLIST_KEY_CFBundleDisplayName = "MindMap AI";
				INFOPLIST_KEY_ITSAppUsesNonExemptEncryption = NO;
				INFOPLIST_KEY_LSApplicationCategoryType = "public.app-category.productivity";
				INFOPLIST_KEY_NSHumanReadableCopyright = "© 2026 xDev";
				INFOPLIST_KEY_NSMicrophoneUsageDescription = "MindMap AI listens while you add topics by voice. Speech is turned into text on this device.";
				INFOPLIST_KEY_NSSpeechRecognitionUsageDescription = "MindMap AI turns what you say into topics. Speech recognition runs on this device and nothing is sent to xDev.";
				"INFOPLIST_KEY_UIApplicationSceneManifest_Generation[sdk=iphoneos*]" = YES;
				"INFOPLIST_KEY_UIApplicationSceneManifest_Generation[sdk=iphonesimulator*]" = YES;
				"INFOPLIST_KEY_UIApplicationSupportsMultipleScenes[sdk=iphoneos*]" = YES;
				"INFOPLIST_KEY_UIApplicationSupportsMultipleScenes[sdk=iphonesimulator*]" = YES;
				"INFOPLIST_KEY_UIApplicationSupportsIndirectInputEvents[sdk=iphoneos*]" = YES;
				"INFOPLIST_KEY_UIApplicationSupportsIndirectInputEvents[sdk=iphonesimulator*]" = YES;
				"INFOPLIST_KEY_UILaunchScreen_Generation[sdk=iphoneos*]" = YES;
				"INFOPLIST_KEY_UILaunchScreen_Generation[sdk=iphonesimulator*]" = YES;
				INFOPLIST_KEY_UISupportedInterfaceOrientations_iPad = "UIInterfaceOrientationPortrait UIInterfaceOrientationPortraitUpsideDown UIInterfaceOrientationLandscapeLeft UIInterfaceOrientationLandscapeRight";
				INFOPLIST_KEY_UISupportedInterfaceOrientations_iPhone = "UIInterfaceOrientationPortrait UIInterfaceOrientationLandscapeLeft UIInterfaceOrientationLandscapeRight";
				LD_RUNPATH_SEARCH_PATHS = "@executable_path/Frameworks";
				"LD_RUNPATH_SEARCH_PATHS[sdk=macosx*]" = "@executable_path/../Frameworks";
				MARKETING_VERSION = 0.1.0;
				PRODUCT_BUNDLE_IDENTIFIER = asia.xdev.mindmapai;
				PRODUCT_MODULE_NAME = MindMapAI;
				PRODUCT_NAME = "MindMap AI";
				REGISTER_APP_GROUPS = NO;
				SDKROOT = auto;
				SUPPORTED_PLATFORMS = "iphoneos iphonesimulator macosx";
				SUPPORTS_MACCATALYST = NO;
				SUPPORTS_MAC_DESIGNED_FOR_IPHONE_IPAD = NO;
				SUPPORTS_XR_DESIGNED_FOR_IPHONE_IPAD = NO;
				SWIFT_APPROACHABLE_CONCURRENCY = YES;
				SWIFT_DEFAULT_ACTOR_ISOLATION = MainActor;
				SWIFT_EMIT_LOC_STRINGS = YES;
				SWIFT_UPCOMING_FEATURE_MEMBER_IMPORT_VISIBILITY = YES;
				SWIFT_VERSION = 6.0;
				TARGETED_DEVICE_FAMILY = "1,2";
				VALIDATE_PRODUCT = YES;
			};
			name = Release;
		};
		4D4D41000000000000000020 /* Debug */ = {
			isa = XCBuildConfiguration;
			buildSettings = {
				BUNDLE_LOADER = "$(TEST_HOST)";
				"CODE_SIGN_IDENTITY[sdk=macosx*]" = "-";
				CODE_SIGN_STYLE = Automatic;
				CURRENT_PROJECT_VERSION = 1;
				GENERATE_INFOPLIST_FILE = YES;
				MARKETING_VERSION = 0.1.0;
				PRODUCT_BUNDLE_IDENTIFIER = asia.xdev.mindmapai.tests;
				PRODUCT_NAME = "$(TARGET_NAME)";
				SDKROOT = auto;
				SUPPORTED_PLATFORMS = "iphoneos iphonesimulator macosx";
				SUPPORTS_MACCATALYST = NO;
				SWIFT_APPROACHABLE_CONCURRENCY = YES;
				SWIFT_DEFAULT_ACTOR_ISOLATION = MainActor;
				SWIFT_EMIT_LOC_STRINGS = NO;
				SWIFT_UPCOMING_FEATURE_MEMBER_IMPORT_VISIBILITY = YES;
				SWIFT_VERSION = 6.0;
				TARGETED_DEVICE_FAMILY = "1,2";
				OTHER_SWIFT_FLAGS = "$(inherited) -Xcc -Wno-deprecated-declarations";
				TEST_HOST = "$(BUILT_PRODUCTS_DIR)/MindMap AI.app/$(BUNDLE_EXECUTABLE_FOLDER_PATH)/MindMap AI";
			};
			name = Debug;
		};
		4D4D41000000000000000021 /* Release */ = {
			isa = XCBuildConfiguration;
			buildSettings = {
				BUNDLE_LOADER = "$(TEST_HOST)";
				"CODE_SIGN_IDENTITY[sdk=macosx*]" = "-";
				CODE_SIGN_STYLE = Automatic;
				CURRENT_PROJECT_VERSION = 1;
				GENERATE_INFOPLIST_FILE = YES;
				MARKETING_VERSION = 0.1.0;
				PRODUCT_BUNDLE_IDENTIFIER = asia.xdev.mindmapai.tests;
				PRODUCT_NAME = "$(TARGET_NAME)";
				SDKROOT = auto;
				SUPPORTED_PLATFORMS = "iphoneos iphonesimulator macosx";
				SUPPORTS_MACCATALYST = NO;
				SWIFT_APPROACHABLE_CONCURRENCY = YES;
				SWIFT_DEFAULT_ACTOR_ISOLATION = MainActor;
				SWIFT_EMIT_LOC_STRINGS = NO;
				SWIFT_UPCOMING_FEATURE_MEMBER_IMPORT_VISIBILITY = YES;
				SWIFT_VERSION = 6.0;
				TARGETED_DEVICE_FAMILY = "1,2";
				OTHER_SWIFT_FLAGS = "$(inherited) -Xcc -Wno-deprecated-declarations";
				TEST_HOST = "$(BUILT_PRODUCTS_DIR)/MindMap AI.app/$(BUNDLE_EXECUTABLE_FOLDER_PATH)/MindMap AI";
			};
			name = Release;
		};
		4D4D41000000000000220010 /* Debug */ = {
			isa = XCBuildConfiguration;
			buildSettings = {
				"CODE_SIGN_IDENTITY[sdk=macosx*]" = "-";
				CODE_SIGN_STYLE = Automatic;
				CURRENT_PROJECT_VERSION = 1;
				GENERATE_INFOPLIST_FILE = YES;
				MARKETING_VERSION = 0.1.0;
				PRODUCT_BUNDLE_IDENTIFIER = asia.xdev.mindmapai.uitests;
				PRODUCT_NAME = "$(TARGET_NAME)";
				SDKROOT = auto;
				SUPPORTED_PLATFORMS = "iphoneos iphonesimulator macosx";
				SUPPORTS_MACCATALYST = NO;
				SWIFT_APPROACHABLE_CONCURRENCY = YES;
				SWIFT_EMIT_LOC_STRINGS = NO;
				SWIFT_UPCOMING_FEATURE_MEMBER_IMPORT_VISIBILITY = YES;
				SWIFT_VERSION = 6.0;
				TARGETED_DEVICE_FAMILY = "1,2";
				TEST_TARGET_NAME = MindMapAI;
			};
			name = Debug;
		};
		4D4D41000000000000220011 /* Release */ = {
			isa = XCBuildConfiguration;
			buildSettings = {
				"CODE_SIGN_IDENTITY[sdk=macosx*]" = "-";
				CODE_SIGN_STYLE = Automatic;
				CURRENT_PROJECT_VERSION = 1;
				GENERATE_INFOPLIST_FILE = YES;
				MARKETING_VERSION = 0.1.0;
				PRODUCT_BUNDLE_IDENTIFIER = asia.xdev.mindmapai.uitests;
				PRODUCT_NAME = "$(TARGET_NAME)";
				SDKROOT = auto;
				SUPPORTED_PLATFORMS = "iphoneos iphonesimulator macosx";
				SUPPORTS_MACCATALYST = NO;
				SWIFT_APPROACHABLE_CONCURRENCY = YES;
				SWIFT_EMIT_LOC_STRINGS = NO;
				SWIFT_UPCOMING_FEATURE_MEMBER_IMPORT_VISIBILITY = YES;
				SWIFT_VERSION = 6.0;
				TARGETED_DEVICE_FAMILY = "1,2";
				TEST_TARGET_NAME = MindMapAI;
			};
			name = Release;
		};
		4D4D410000000000000B1141 /* Debug */ = {
			isa = XCBuildConfiguration;
			buildSettings = {
				APPLICATION_EXTENSION_API_ONLY = YES;
				CODE_SIGN_ENTITLEMENTS = Entitlements/MindMapShareExtension.entitlements;
				"CODE_SIGN_ENTITLEMENTS[sdk=macosx*]" = "$(MINDMAP_MAC_ENTITLEMENTS_$(MINDMAP_MAC_APP_GROUP))";
				MINDMAP_MAC_ENTITLEMENTS_YES = Entitlements/MindMapShareExtension.entitlements;
				"CODE_SIGN_IDENTITY[sdk=macosx*]" = "-";
				CODE_SIGN_STYLE = Automatic;
				CURRENT_PROJECT_VERSION = 1;
				ENABLE_APP_SANDBOX = YES;
				ENABLE_HARDENED_RUNTIME = YES;
				GENERATE_INFOPLIST_FILE = YES;
				INFOPLIST_FILE = MindMapShareExtension/Info.plist;
				INFOPLIST_KEY_CFBundleDisplayName = "MindMap AI";
				INFOPLIST_KEY_NSHumanReadableCopyright = "© 2026 xDev";
				LD_RUNPATH_SEARCH_PATHS = "@executable_path/Frameworks @executable_path/../../Frameworks";
				"LD_RUNPATH_SEARCH_PATHS[sdk=macosx*]" = "@executable_path/../Frameworks @executable_path/../../../../Frameworks";
				MARKETING_VERSION = 0.1.0;
				PRODUCT_BUNDLE_IDENTIFIER = asia.xdev.mindmapai.share;
				PRODUCT_NAME = "$(TARGET_NAME)";
				SDKROOT = auto;
				SKIP_INSTALL = YES;
				SUPPORTED_PLATFORMS = "iphoneos iphonesimulator macosx";
				SUPPORTS_MACCATALYST = NO;
				SWIFT_APPROACHABLE_CONCURRENCY = YES;
				SWIFT_DEFAULT_ACTOR_ISOLATION = MainActor;
				SWIFT_EMIT_LOC_STRINGS = YES;
				SWIFT_UPCOMING_FEATURE_MEMBER_IMPORT_VISIBILITY = YES;
				SWIFT_VERSION = 6.0;
				TARGETED_DEVICE_FAMILY = "1,2";
			};
			name = Debug;
		};
		4D4D410000000000000B1142 /* Release */ = {
			isa = XCBuildConfiguration;
			buildSettings = {
				APPLICATION_EXTENSION_API_ONLY = YES;
				CODE_SIGN_ENTITLEMENTS = Entitlements/MindMapShareExtension.entitlements;
				"CODE_SIGN_ENTITLEMENTS[sdk=macosx*]" = "$(MINDMAP_MAC_ENTITLEMENTS_$(MINDMAP_MAC_APP_GROUP))";
				MINDMAP_MAC_ENTITLEMENTS_YES = Entitlements/MindMapShareExtension.entitlements;
				"CODE_SIGN_IDENTITY[sdk=macosx*]" = "-";
				CODE_SIGN_STYLE = Automatic;
				CURRENT_PROJECT_VERSION = 1;
				ENABLE_APP_SANDBOX = YES;
				ENABLE_HARDENED_RUNTIME = YES;
				GENERATE_INFOPLIST_FILE = YES;
				INFOPLIST_FILE = MindMapShareExtension/Info.plist;
				INFOPLIST_KEY_CFBundleDisplayName = "MindMap AI";
				INFOPLIST_KEY_NSHumanReadableCopyright = "© 2026 xDev";
				LD_RUNPATH_SEARCH_PATHS = "@executable_path/Frameworks @executable_path/../../Frameworks";
				"LD_RUNPATH_SEARCH_PATHS[sdk=macosx*]" = "@executable_path/../Frameworks @executable_path/../../../../Frameworks";
				MARKETING_VERSION = 0.1.0;
				PRODUCT_BUNDLE_IDENTIFIER = asia.xdev.mindmapai.share;
				PRODUCT_NAME = "$(TARGET_NAME)";
				SDKROOT = auto;
				SKIP_INSTALL = YES;
				SUPPORTED_PLATFORMS = "iphoneos iphonesimulator macosx";
				SUPPORTS_MACCATALYST = NO;
				SWIFT_APPROACHABLE_CONCURRENCY = YES;
				SWIFT_DEFAULT_ACTOR_ISOLATION = MainActor;
				SWIFT_EMIT_LOC_STRINGS = YES;
				SWIFT_UPCOMING_FEATURE_MEMBER_IMPORT_VISIBILITY = YES;
				SWIFT_VERSION = 6.0;
				TARGETED_DEVICE_FAMILY = "1,2";
				VALIDATE_PRODUCT = YES;
			};
			name = Release;
		};
/* End XCBuildConfiguration section */

/* Begin XCConfigurationList section */
		4D4D4100000000000000000A /* Build configuration list for PBXProject "MindMapAI" */ = {
			isa = XCConfigurationList;
			buildConfigurations = (
				4D4D4100000000000000000C /* Debug */,
				4D4D4100000000000000000D /* Release */,
			);
			defaultConfigurationIsVisible = 0;
			defaultConfigurationName = Release;
		};
		4D4D4100000000000000000B /* Build configuration list for PBXNativeTarget "MindMapAI" */ = {
			isa = XCConfigurationList;
			buildConfigurations = (
				4D4D4100000000000000000E /* Debug */,
				4D4D4100000000000000000F /* Release */,
			);
			defaultConfigurationIsVisible = 0;
			defaultConfigurationName = Release;
		};
		4D4D4100000000000000001C /* Build configuration list for PBXNativeTarget "MindMapAITests" */ = {
			isa = XCConfigurationList;
			buildConfigurations = (
				4D4D41000000000000000020 /* Debug */,
				4D4D41000000000000000021 /* Release */,
			);
			defaultConfigurationIsVisible = 0;
			defaultConfigurationName = Release;
		};
		4D4D41000000000000220012 /* Build configuration list for PBXNativeTarget "MindMapAIUITests" */ = {
			isa = XCConfigurationList;
			buildConfigurations = (
				4D4D41000000000000220010 /* Debug */,
				4D4D41000000000000220011 /* Release */,
			);
			defaultConfigurationIsVisible = 0;
			defaultConfigurationName = Release;
		};
		4D4D410000000000000B1143 /* Build configuration list for PBXNativeTarget "MindMapShareExtension" */ = {
			isa = XCConfigurationList;
			buildConfigurations = (
				4D4D410000000000000B1141 /* Debug */,
				4D4D410000000000000B1142 /* Release */,
			);
			defaultConfigurationIsVisible = 0;
			defaultConfigurationName = Release;
		};
/* End XCConfigurationList section */

/* Begin XCLocalSwiftPackageReference section */
		4D4D41000000000000000010 /* XCLocalSwiftPackageReference "Packages/MindMapCore" */ = {
			isa = XCLocalSwiftPackageReference;
			relativePath = Packages/MindMapCore;
		};
/* End XCLocalSwiftPackageReference section */

/* Begin XCSwiftPackageProductDependency section */
		4D4D41000000000000000011 /* MindMapDomain */ = {
			isa = XCSwiftPackageProductDependency;
			productName = MindMapDomain;
		};
		4D4D41000000000000000012 /* MindMapGraph */ = {
			isa = XCSwiftPackageProductDependency;
			productName = MindMapGraph;
		};
		4D4D41000000000000000013 /* MindMapPersistence */ = {
			isa = XCSwiftPackageProductDependency;
			productName = MindMapPersistence;
		};
		4D4D410000000000000C3002 /* MindMapLayout */ = {
			isa = XCSwiftPackageProductDependency;
			productName = MindMapLayout;
		};
		4D4D410000000000000C8002 /* MindMapAICore */ = {
			isa = XCSwiftPackageProductDependency;
			productName = MindMapAICore;
		};
		4D4D410000000000000C8004 /* MindMapAIApple */ = {
			isa = XCSwiftPackageProductDependency;
			productName = MindMapAIApple;
		};
		4D4D410000000000000C5002 /* MindMapInterchange */ = {
			isa = XCSwiftPackageProductDependency;
			productName = MindMapInterchange;
		};
		4D4D410000000000000C8006 /* MindMapTestSupport */ = {
			isa = XCSwiftPackageProductDependency;
			productName = MindMapTestSupport;
		};
		4D4D41150000000000000001 /* MindMapSearch */ = {
			isa = XCSwiftPackageProductDependency;
			productName = MindMapSearch;
		};
		4D4D410000000000000B1102 /* MindMapIntents */ = {
			isa = XCSwiftPackageProductDependency;
			productName = MindMapIntents;
		};
		4D4D410000000000000B1121 /* MindMapDomain */ = {
			isa = XCSwiftPackageProductDependency;
			productName = MindMapDomain;
		};
		4D4D410000000000000B1123 /* MindMapGraph */ = {
			isa = XCSwiftPackageProductDependency;
			productName = MindMapGraph;
		};
		4D4D410000000000000B1125 /* MindMapPersistence */ = {
			isa = XCSwiftPackageProductDependency;
			productName = MindMapPersistence;
		};
		4D4D410000000000000B1127 /* MindMapInterchange */ = {
			isa = XCSwiftPackageProductDependency;
			productName = MindMapInterchange;
		};
		4D4D410000000000000B1129 /* MindMapSharing */ = {
			isa = XCSwiftPackageProductDependency;
			productName = MindMapSharing;
		};
		4D4D410000000000000C2002 /* MindMapCapture */ = {
			isa = XCSwiftPackageProductDependency;
			productName = MindMapCapture;
		};
/* End XCSwiftPackageProductDependency section */
	};
	rootObject = 4D4D41000000000000000001 /* Project object */;
}
